
Microsoft Visual Studio Solution File, Format Version 12.00
# Visual Studio 15
VisualStudioVersion = 15.0.27004.2005
MinimumVisualStudioVersion = 10.0.40219.1
Project("{9A19103F-16F7-4668-BE54-9A1E7A4F7556}") = "DemoCache", "DemoCache\DemoCache.csproj", "{0E795BB4-8A4B-43C5-B91B-8456C00959A2}"
EndProject
Project("{9A19103F-16F7-4668-BE54-9A1E7A4F7556}") = "Consumer", "Consumer\Consumer.csproj", "{2C9A9D72-8A93-490B-8B43-E6BD45355700}"
EndProject
Project("{9A19103F-16F7-4668-BE54-9A1E7A4F7556}") = "Producer", "Producer\Producer.csproj", "{E3769C3F-5374-4C8E-8D3A-F91EAFADBC93}"
EndProject
Global
	GlobalSection(SolutionConfigurationPlatforms) = preSolution
		Debug|Any CPU = Debug|Any CPU
		Release|Any CPU = Release|Any CPU
	EndGlobalSection
	GlobalSection(ProjectConfigurationPlatforms) = postSolution
		{0E795BB4-8A4B-43C5-B91B-8456C00959A2}.Debug|Any CPU.ActiveCfg = Debug|Any CPU
		{0E795BB4-8A4B-43C5-B91B-8456C00959A2}.Debug|Any CPU.Build.0 = Debug|Any CPU
		{0E795BB4-8A4B-43C5-B91B-8456C00959A2}.Release|Any CPU.ActiveCfg = Release|Any CPU
		{0E795BB4-8A4B-43C5-B91B-8456C00959A2}.Release|Any CPU.Build.0 = Release|Any CPU
		{2C9A9D72-8A93-490B-8B43-E6BD45355700}.Debug|Any CPU.ActiveCfg = Debug|Any CPU
		{2C9A9D72-8A93-490B-8B43-E6BD45355700}.Debug|Any CPU.Build.0 = Debug|Any CPU
		{2C9A9D72-8A93-490B-8B43-E6BD45355700}.Release|Any CPU.ActiveCfg = Release|Any CPU
		{2C9A9D72-8A93-490B-8B43-E6BD45355700}.Release|Any CPU.Build.0 = Release|Any CPU
		{E3769C3F-5374-4C8E-8D3A-F91EAFADBC93}.Debug|Any CPU.ActiveCfg = Debug|Any CPU
		{E3769C3F-5374-4C8E-8D3A-F91EAFADBC93}.Debug|Any CPU.Build.0 = Debug|Any CPU
		{E3769C3F-5374-4C8E-8D3A-F91EAFADBC93}.Release|Any CPU.ActiveCfg = Release|Any CPU
		{E3769C3F-5374-4C8E-8D3A-F91EAFADBC93}.Release|Any CPU.Build.0 = Release|Any CPU
	EndGlobalSection
	GlobalSection(SolutionProperties) = preSolution
		HideSolutionNode = FALSE
	EndGlobalSection
	GlobalSection(ExtensibilityGlobals) = postSolution
		SolutionGuid = {5D925A1C-C91E-4554-A089-7DA51E33D04E}
	EndGlobalSection
EndGlobal
